
Microsoft Visual Studio Solution File, Format Version 12.00
# Visual Studio Version 17
VisualStudioVersion = 17.3.32929.385
MinimumVisualStudioVersion = 10.0.40219.1
Project("{FAE04EC0-301F-11D3-BF4B-00C04F79EFBC}") = "MockServer", "MockServer\MockServer.csproj", "{68B4CF53-4BBD-4C5B-8A12-2D1BEDF449E3}"
EndProject
Global
	GlobalSection(SolutionConfigurationPlatforms) = preSolution
		Debug|Any CPU = Debug|Any CPU
		Release|Any CPU = Release|Any CPU
	EndGlobalSection
	GlobalSection(ProjectConfigurationPlatforms) = postSolution
		{68B4CF53-4BBD-4C5B-8A12-2D1BEDF449E3}.Debug|Any CPU.ActiveCfg = Debug|Any CPU
		{68B4CF53-4BBD-4C5B-8A12-2D1BEDF449E3}.Debug|Any CPU.Build.0 = Debug|Any CPU
		{68B4CF53-4BBD-4C5B-8A12-2D1BEDF449E3}.Release|Any CPU.ActiveCfg = Release|Any CPU
		{68B4CF53-4BBD-4C5B-8A12-2D1BEDF449E3}.Release|Any CPU.Build.0 = Release|Any CPU
	EndGlobalSection
	GlobalSection(SolutionProperties) = preSolution
		HideSolutionNode = FALSE
	EndGlobalSection
	GlobalSection(ExtensibilityGlobals) = postSolution
		SolutionGuid = {694B7765-0C5B-4911-A15E-A169CE08B6CF}
	EndGlobalSection
EndGlobal
